
Microsoft Visual Studio Solution File, Format Version 12.00
# Visual Studio Version 17
VisualStudioVersion = 17.2.32630.192
MinimumVisualStudioVersion = 10.0.40219.1
Project("{9A19103F-16F7-4668-BE54-9A1E7A4F7556}") = "SingleResponsibility", "SOLID Principles\SingleResponsibility.csproj", "{8B7F3B74-E00A-42D6-82F8-78E64618152F}"
EndProject
Project("{9A19103F-16F7-4668-BE54-9A1E7A4F7556}") = "OpenClosed", "OpenClose\OpenClosed.csproj", "{3BFE210B-9656-4FE8-A614-D929F2456830}"
EndProject
Project("{9A19103F-16F7-4668-BE54-9A1E7A4F7556}") = "LiskovSubstitution", "ListkovSubstitution\LiskovSubstitution.csproj", "{F879E41D-70C5-4CBB-87A1-ECF952C190B2}"
EndProject
Project("{FAE04EC0-301F-11D3-BF4B-00C04F79EFBC}") = "InterfaceSegregation", "InterfaceSegregation\InterfaceSegregation.csproj", "{84472D3E-E9D7-4A3C-924C-35FDC6A7B273}"
EndProject
Project("{FAE04EC0-301F-11D3-BF4B-00C04F79EFBC}") = "DependencyInversion", "DependencyInversion\DependencyInversion.csproj", "{ABBB2E10-7AB4-4F7B-AD06-2FA7E7C7AAF3}"
EndProject
Global
	GlobalSection(SolutionConfigurationPlatforms) = preSolution
		Debug|Any CPU = Debug|Any CPU
		Release|Any CPU = Release|Any CPU
	EndGlobalSection
	GlobalSection(ProjectConfigurationPlatforms) = postSolution
		{8B7F3B74-E00A-42D6-82F8-78E64618152F}.Debug|Any CPU.ActiveCfg = Debug|Any CPU
		{8B7F3B74-E00A-42D6-82F8-78E64618152F}.Debug|Any CPU.Build.0 = Debug|Any CPU
		{8B7F3B74-E00A-42D6-82F8-78E64618152F}.Release|Any CPU.ActiveCfg = Release|Any CPU
		{8B7F3B74-E00A-42D6-82F8-78E64618152F}.Release|Any CPU.Build.0 = Release|Any CPU
		{3BFE210B-9656-4FE8-A614-D929F2456830}.Debug|Any CPU.ActiveCfg = Debug|Any CPU
		{3BFE210B-9656-4FE8-A614-D929F2456830}.Debug|Any CPU.Build.0 = Debug|Any CPU
		{3BFE210B-9656-4FE8-A614-D929F2456830}.Release|Any CPU.ActiveCfg = Release|Any CPU
		{3BFE210B-9656-4FE8-A614-D929F2456830}.Release|Any CPU.Build.0 = Release|Any CPU
		{F879E41D-70C5-4CBB-87A1-ECF952C190B2}.Debug|Any CPU.ActiveCfg = Debug|Any CPU
		{F879E41D-70C5-4CBB-87A1-ECF952C190B2}.Debug|Any CPU.Build.0 = Debug|Any CPU
		{F879E41D-70C5-4CBB-87A1-ECF952C190B2}.Release|Any CPU.ActiveCfg = Release|Any CPU
		{F879E41D-70C5-4CBB-87A1-ECF952C190B2}.Release|Any CPU.Build.0 = Release|Any CPU
		{84472D3E-E9D7-4A3C-924C-35FDC6A7B273}.Debug|Any CPU.ActiveCfg = Debug|Any CPU
		{84472D3E-E9D7-4A3C-924C-35FDC6A7B273}.Debug|Any CPU.Build.0 = Debug|Any CPU
		{84472D3E-E9D7-4A3C-924C-35FDC6A7B273}.Release|Any CPU.ActiveCfg = Release|Any CPU
		{84472D3E-E9D7-4A3C-924C-35FDC6A7B273}.Release|Any CPU.Build.0 = Release|Any CPU
		{ABBB2E10-7AB4-4F7B-AD06-2FA7E7C7AAF3}.Debug|Any CPU.ActiveCfg = Debug|Any CPU
		{ABBB2E10-7AB4-4F7B-AD06-2FA7E7C7AAF3}.Debug|Any CPU.Build.0 = Debug|Any CPU
		{ABBB2E10-7AB4-4F7B-AD06-2FA7E7C7AAF3}.Release|Any CPU.ActiveCfg = Release|Any CPU
		{ABBB2E10-7AB4-4F7B-AD06-2FA7E7C7AAF3}.Release|Any CPU.Build.0 = Release|Any CPU
	EndGlobalSection
	GlobalSection(SolutionProperties) = preSolution
		HideSolutionNode = FALSE
	EndGlobalSection
	GlobalSection(ExtensibilityGlobals) = postSolution
		SolutionGuid = {64A3846E-128A-4089-ADF5-11E7663290DA}
	EndGlobalSection
EndGlobal
